// !$*UTF8*$!
{
	archiveVersion = 1;
	classes = {
	};
	objectVersion = 48;
	objects = {

/* Begin PBXBuildFile section */
		F92696281FE7997F00EA034F /* AppDelegate.swift in Sources */ = {isa = PBXBuildFile; fileRef = F92696271FE7997F00EA034F /* AppDelegate.swift */; };
		F926962A1FE7997F00EA034F /* ViewController.swift in Sources */ = {isa = PBXBuildFile; fileRef = F92696291FE7997F00EA034F /* ViewController.swift */; };
		F926962D1FE7997F00EA034F /* Main.storyboard in Resources */ = {isa = PBXBuildFile; fileRef = F926962B1FE7997F00EA034F /* Main.storyboard */; };
		F92696301FE7997F00EA034F /* TestFunctions.xcdatamodeld in Sources */ = {isa = PBXBuildFile; fileRef = F926962E1FE7997F00EA034F /* TestFunctions.xcdatamodeld */; };
		F92696321FE7997F00EA034F /* Assets.xcassets in Resources */ = {isa = PBXBuildFile; fileRef = F92696311FE7997F00EA034F /* Assets.xcassets */; };
		F92696351FE7997F00EA034F /* LaunchScreen.storyboard in Resources */ = {isa = PBXBuildFile; fileRef = F92696331FE7997F00EA034F /* LaunchScreen.storyboard */; };
		F998F940204D108E0041AB46 /* StructClass.swift in Sources */ = {isa = PBXBuildFile; fileRef = F998F93F204D108E0041AB46 /* StructClass.swift */; };
		F998F944204D17B60041AB46 /* login.jpg in Resources */ = {isa = PBXBuildFile; fileRef = F998F943204D17B60041AB46 /* login.jpg */; };
/* End PBXBuildFile section */

/* Begin PBXFileReference section */
		F92696241FE7997F00EA034F /* TestFunctions.app */ = {isa = PBXFileReference; explicitFileType = wrapper.application; includeInIndex = 0; path = TestFunctions.app; sourceTree = BUILT_PRODUCTS_DIR; };
		F92696271FE7997F00EA034F /* AppDelegate.swift */ = {isa = PBXFileReference; lastKnownFileType = sourcecode.swift; path = AppDelegate.swift; sourceTree = "<group>"; };
		F92696291FE7997F00EA034F /* ViewController.swift */ = {isa = PBXFileReference; lastKnownFileType = sourcecode.swift; path = ViewController.swift; sourceTree = "<group>"; };
		F926962C1FE7997F00EA034F /* Base */ = {isa = PBXFileReference; lastKnownFileType = file.storyboard; name = Base; path = Base.lproj/Main.storyboard; sourceTree = "<group>"; };
		F926962F1FE7997F00EA034F /* TestFunctions.xcdatamodel */ = {isa = PBXFileReference; lastKnownFileType = wrapper.xcdatamodel; path = TestFunctions.xcdatamodel; sourceTree = "<group>"; };
		F92696311FE7997F00EA034F /* Assets.xcassets */ = {isa = PBXFileReference; lastKnownFileType = folder.assetcatalog; path = Assets.xcassets; sourceTree = "<group>"; };
		F92696341FE7997F00EA034F /* Base */ = {isa = PBXFileReference; lastKnownFileType = file.storyboard; name = Base; path = Base.lproj/LaunchScreen.storyboard; sourceTree = "<group>"; };
		F92696361FE7997F00EA034F /* Info.plist */ = {isa = PBXFileReference; lastKnownFileType = text.plist.xml; path = Info.plist; sourceTree = "<group>"; };
		F998F93F204D108E0041AB46 /* StructClass.swift */ = {isa = PBXFileReference; fileEncoding = 4; lastKnownFileType = sourcecode.swift; path = StructClass.swift; sourceTree = "<group>"; };
		F998F941204D13A30041AB46 /* ja */ = {isa = PBXFileReference; lastKnownFileType = text.plist.strings; name = ja; path = ja.lproj/Main.strings; sourceTree = "<group>"; };
		F998F942204D13A40041AB46 /* ja */ = {isa = PBXFileReference; lastKnownFileType = text.plist.strings; name = ja; path = ja.lproj/LaunchScreen.strings; sourceTree = "<group>"; };
		F998F943204D17B60041AB46 /* login.jpg */ = {isa = PBXFileReference; lastKnownFileType = image.jpeg; path = login.jpg; sourceTree = "<group>"; };
/* End PBXFileReference section */

/* Begin PBXFrameworksBuildPhase section */
		F92696211FE7997F00EA034F /* Frameworks */ = {
			isa = PBXFrameworksBuildPhase;
			buildActionMask = 2147483647;
			files = (
			);
			runOnlyForDeploymentPostprocessing = 0;
		};
/* End PBXFrameworksBuildPhase section */

/* Begin PBXGroup section */
		F926961B1FE7997E00EA034F = {
			isa = PBXGroup;
			children = (
				F92696261FE7997F00EA034F /* TestFunctions */,
				F92696251FE7997F00EA034F /* Products */,
			);
			sourceTree = "<group>";
		};
		F92696251FE7997F00EA034F /* Products */ = {
			isa = PBXGroup;
			children = (
				F92696241FE7997F00EA034F /* TestFunctions.app */,
			);
			name = Products;
			sourceTree = "<group>";
		};
		F92696261FE7997F00EA034F /* TestFunctions */ = {
			isa = PBXGroup;
			children = (
				F92696271FE7997F00EA034F /* AppDelegate.swift */,
				F92696291FE7997F00EA034F /* ViewController.swift */,
				F998F93F204D108E0041AB46 /* StructClass.swift */,
				F926962B1FE7997F00EA034F /* Main.storyboard */,
				F92696311FE7997F00EA034F /* Assets.xcassets */,
				F998F943204D17B60041AB46 /* login.jpg */,
				F92696331FE7997F00EA034F /* LaunchScreen.storyboard */,
				F92696361FE7997F00EA034F /* Info.plist */,
				F926962E1FE7997F00EA034F /* TestFunctions.xcdatamodeld */,
			);
			path = TestFunctions;
			sourceTree = "<group>";
		};
/* End PBXGroup section */

/* Begin PBXNativeTarget section */
		F92696231FE7997F00EA034F /* TestFunctions */ = {
			isa = PBXNativeTarget;
			buildConfigurationList = F926964F1FE7997F00EA034F /* Build configuration list for PBXNativeTarget "TestFunctions" */;
			buildPhases = (
				F92696201FE7997F00EA034F /* Sources */,
				F92696211FE7997F00EA034F /* Frameworks */,
				F92696221FE7997F00EA034F /* Resources */,
			);
			buildRules = (
			);
			dependencies = (
			);
			name = TestFunctions;
			productName = TestFunctions;
			productReference = F92696241FE7997F00EA034F /* TestFunctions.app */;
			productType = "com.apple.product-type.application";
		};
/* End PBXNativeTarget section */

/* Begin PBXProject section */
		F926961C1FE7997E00EA034F /* Project object */ = {
			isa = PBXProject;
			attributes = {
				LastSwiftUpdateCheck = 0920;
				LastUpgradeCheck = 0920;
				ORGANIZATIONNAME = "Tringapps Inc";
				TargetAttributes = {
					F92696231FE7997F00EA034F = {
						CreatedOnToolsVersion = 9.2;
						ProvisioningStyle = Manual;
						SystemCapabilities = {
							com.apple.BackgroundModes = {
								enabled = 0;
							};
							com.apple.SafariKeychain = {
								enabled = 0;
							};
						};
					};
				};
			};
			buildConfigurationList = F926961F1FE7997E00EA034F /* Build configuration list for PBXProject "TestFunctions" */;
			compatibilityVersion = "Xcode 8.0";
			developmentRegion = en;
			hasScannedForEncodings = 0;
			knownRegions = (
				en,
				Base,
			);
			mainGroup = F926961B1FE7997E00EA034F;
			productRefGroup = F92696251FE7997F00EA034F /* Products */;
			projectDirPath = "";
			projectRoot = "";
			targets = (
				F92696231FE7997F00EA034F /* TestFunctions */,
			);
		};
/* End PBXProject section */

/* Begin PBXResourcesBuildPhase section */
		F92696221FE7997F00EA034F /* Resources */ = {
			isa = PBXResourcesBuildPhase;
			buildActionMask = 2147483647;
			files = (
				F92696351FE7997F00EA034F /* LaunchScreen.storyboard in Resources */,
				F998F944204D17B60041AB46 /* login.jpg in Resources */,
				F92696321FE7997F00EA034F /* Assets.xcassets in Resources */,
				F926962D1FE7997F00EA034F /* Main.storyboard in Resources */,
			);
			runOnlyForDeploymentPostprocessing = 0;
		};
/* End PBXResourcesBuildPhase section */

/* Begin PBXSourcesBuildPhase section */
		F92696201FE7997F00EA034F /* Sources */ = {
			isa = PBXSourcesBuildPhase;
			buildActionMask = 2147483647;
			files = (
				F926962A1FE7997F00EA034F /* ViewController.swift in Sources */,
				F92696281FE7997F00EA034F /* AppDelegate.swift in Sources */,
				F92696301FE7997F00EA034F /* TestFunctions.xcdatamodeld in Sources */,
				F998F940204D108E0041AB46 /* StructClass.swift in Sources */,
			);
			runOnlyForDeploymentPostprocessing = 0;
		};
/* End PBXSourcesBuildPhase section */

/* Begin PBXVariantGroup section */
		F926962B1FE7997F00EA034F /* Main.storyboard */ = {
			isa = PBXVariantGroup;
			children = (
				F926962C1FE7997F00EA034F /* Base */,
				F998F941204D13A30041AB46 /* ja */,
			);
			name = Main.storyboard;
			sourceTree = "<group>";
		};
		F92696331FE7997F00EA034F /* LaunchScreen.storyboard */ = {
			isa = PBXVariantGroup;
			children = (
				F92696341FE7997F00EA034F /* Base */,
				F998F942204D13A40041AB46 /* ja */,
			);
			name = LaunchScreen.storyboard;
			sourceTree = "<group>";
		};
/* End PBXVariantGroup section */

/* Begin XCBuildConfiguration section */
		F926964D1FE7997F00EA034F /* Debug */ = {
			isa = XCBuildConfiguration;
			buildSettings = {
				ALWAYS_SEARCH_USER_PATHS = NO;
				CLANG_ANALYZER_LOCALIZABILITY_NONLOCALIZED = YES;
				CLANG_ANALYZER_NONNULL = YES;
				CLANG_ANALYZER_NUMBER_OBJECT_CONVERSION = YES_AGGRESSIVE;
				CLANG_CXX_LANGUAGE_STANDARD = "gnu++14";
				CLANG_CXX_LIBRARY = "libc++";
				CLANG_ENABLE_MODULES = YES;
				CLANG_ENABLE_OBJC_ARC = YES;
				CLANG_WARN_BLOCK_CAPTURE_AUTORELEASING = YES;
				CLANG_WARN_BOOL_CONVERSION = YES;
				CLANG_WARN_COMMA = YES;
				CLANG_WARN_CONSTANT_CONVERSION = YES;
				CLANG_WARN_DIRECT_OBJC_ISA_USAGE = YES_ERROR;
				CLANG_WARN_DOCUMENTATION_COMMENTS = YES;
				CLANG_WARN_EMPTY_BODY = YES;
				CLANG_WARN_ENUM_CONVERSION = YES;
				CLANG_WARN_INFINITE_RECURSION = YES;
				CLANG_WARN_INT_CONVERSION = YES;
				CLANG_WARN_NON_LITERAL_NULL_CONVERSION = YES;
				CLANG_WARN_OBJC_LITERAL_CONVERSION = YES;
				CLANG_WARN_OBJC_ROOT_CLASS = YES_ERROR;
				CLANG_WARN_RANGE_LOOP_ANALYSIS = YES;
				CLANG_WARN_STRICT_PROTOTYPES = YES;
				CLANG_WARN_SUSPICIOUS_MOVE = YES;
				CLANG_WARN_UNGUARDED_AVAILABILITY = YES_AGGRESSIVE;
				CLANG_WARN_UNREACHABLE_CODE = YES;
				CLANG_WARN__DUPLICATE_METHOD_MATCH = YES;
				CODE_SIGN_IDENTITY = "iPhone Developer";
				COPY_PHASE_STRIP = NO;
				DEBUG_INFORMATION_FORMAT = dwarf;
				ENABLE_STRICT_OBJC_MSGSEND = YES;
				ENABLE_TESTABILITY = YES;
				GCC_C_LANGUAGE_STANDARD = gnu11;
				GCC_DYNAMIC_NO_PIC = NO;
				GCC_NO_COMMON_BLOCKS = YES;
				GCC_OPTIMIZATION_LEVEL = 0;
				GCC_PREPROCESSOR_DEFINITIONS = (
					"DEBUG=1",
					"$(inherited)",
				);
				GCC_WARN_64_TO_32_BIT_CONVERSION = YES;
				GCC_WARN_ABOUT_RETURN_TYPE = YES_ERROR;
				GCC_WARN_UNDECLARED_SELECTOR = YES;
				GCC_WARN_UNINITIALIZED_AUTOS = YES_AGGRESSIVE;
				GCC_WARN_UNUSED_FUNCTION = YES;
				GCC_WARN_UNUSED_VARIABLE = YES;
				IPHONEOS_DEPLOYMENT_TARGET = 11.2;
				MTL_ENABLE_DEBUG_INFO = YES;
				ONLY_ACTIVE_ARCH = YES;
				SDKROOT = iphoneos;
				SWIFT_ACTIVE_COMPILATION_CONDITIONS = DEBUG;
				SWIFT_OPTIMIZATION_LEVEL = "-Onone";
			};
			name = Debug;
		};
		F926964E1FE7997F00EA034F /* Release */ = {
			isa = XCBuildConfiguration;
			buildSettings = {
				ALWAYS_SEARCH_USER_PATHS = NO;
				CLANG_ANALYZER_LOCALIZABILITY_NONLOCALIZED = YES;
				CLANG_ANALYZER_NONNULL = YES;
				CLANG_ANALYZER_NUMBER_OBJECT_CONVERSION = YES_AGGRESSIVE;
				CLANG_CXX_LANGUAGE_STANDARD = "gnu++14";
				CLANG_CXX_LIBRARY = "libc++";
				CLANG_ENABLE_MODULES = YES;
				CLANG_ENABLE_OBJC_ARC = YES;
				CLANG_WARN_BLOCK_CAPTURE_AUTORELEASING = YES;
				CLANG_WARN_BOOL_CONVERSION = YES;
				CLANG_WARN_COMMA = YES;
				CLANG_WARN_CONSTANT_CONVERSION = YES;
				CLANG_WARN_DIRECT_OBJC_ISA_USAGE = YES_ERROR;
				CLANG_WARN_DOCUMENTATION_COMMENTS = YES;
				CLANG_WARN_EMPTY_BODY = YES;
				CLANG_WARN_ENUM_CONVERSION = YES;
				CLANG_WARN_INFINITE_RECURSION = YES;
				CLANG_WARN_INT_CONVERSION = YES;
				CLANG_WARN_NON_LITERAL_NULL_CONVERSION = YES;
				CLANG_WARN_OBJC_LITERAL_CONVERSION = YES;
				CLANG_WARN_OBJC_ROOT_CLASS = YES_ERROR;
				CLANG_WARN_RANGE_LOOP_ANALYSIS = YES;
				CLANG_WARN_STRICT_PROTOTYPES = YES;
				CLANG_WARN_SUSPICIOUS_MOVE = YES;
				CLANG_WARN_UNGUARDED_AVAILABILITY = YES_AGGRESSIVE;
				CLANG_WARN_UNREACHABLE_CODE = YES;
				CLANG_WARN__DUPLICATE_METHOD_MATCH = YES;
				CODE_SIGN_IDENTITY = "iPhone Developer";
				COPY_PHASE_STRIP = NO;
				DEBUG_INFORMATION_FORMAT = "dwarf-with-dsym";
				ENABLE_NS_ASSERTIONS = NO;
				ENABLE_STRICT_OBJC_MSGSEND = YES;
				GCC_C_LANGUAGE_STANDARD = gnu11;
				GCC_NO_COMMON_BLOCKS = YES;
				GCC_WARN_64_TO_32_BIT_CONVERSION = YES;
				GCC_WARN_ABOUT_RETURN_TYPE = YES_ERROR;
				GCC_WARN_UNDECLARED_SELECTOR = YES;
				GCC_WARN_UNINITIALIZED_AUTOS = YES_AGGRESSIVE;
				GCC_WARN_UNUSED_FUNCTION = YES;
				GCC_WARN_UNUSED_VARIABLE = YES;
				IPHONEOS_DEPLOYMENT_TARGET = 11.2;
				MTL_ENABLE_DEBUG_INFO = NO;
				SDKROOT = iphoneos;
				SWIFT_OPTIMIZATION_LEVEL = "-Owholemodule";
				VALIDATE_PRODUCT = YES;
			};
			name = Release;
		};
		F92696501FE7997F00EA034F /* Debug */ = {
			isa = XCBuildConfiguration;
			buildSettings = {
				ASSETCATALOG_COMPILER_APPICON_NAME = AppIcon;
				CODE_SIGN_IDENTITY = "iPhone Distribution: TringApps Inc. (8739AQZ43Q)";
				"CODE_SIGN_IDENTITY[sdk=iphoneos*]" = "iPhone Distribution: TringApps Inc. (8739AQZ43Q)";
				CODE_SIGN_STYLE = Manual;
				DEVELOPMENT_TEAM = 8739AQZ43Q;
				INFOPLIST_FILE = TestFunctions/Info.plist;
				IPHONEOS_DEPLOYMENT_TARGET = 10.0;
				LD_RUNPATH_SEARCH_PATHS = "$(inherited) @executable_path/Frameworks";
				PRODUCT_BUNDLE_IDENTIFIER = com.tring.urloop;
				PRODUCT_NAME = "$(TARGET_NAME)";
				PROVISIONING_PROFILE = "a128cdac-468e-4586-9b15-8a46c6f9b3cd";
				PROVISIONING_PROFILE_SPECIFIER = URLoopAdhocProfile;
				SWIFT_VERSION = 4.0;
				TARGETED_DEVICE_FAMILY = "1,2";
			};
			name = Debug;
		};
		F92696511FE7997F00EA034F /* Release */ = {
			isa = XCBuildConfiguration;
			buildSettings = {
				ASSETCATALOG_COMPILER_APPICON_NAME = AppIcon;
				CODE_SIGN_IDENTITY = "iPhone Distribution: TringApps Inc. (8739AQZ43Q)";
				"CODE_SIGN_IDENTITY[sdk=iphoneos*]" = "iPhone Distribution: TringApps Inc. (8739AQZ43Q)";
				CODE_SIGN_STYLE = Manual;
				DEVELOPMENT_TEAM = 8739AQZ43Q;
				INFOPLIST_FILE = TestFunctions/Info.plist;
				IPHONEOS_DEPLOYMENT_TARGET = 10.0;
				LD_RUNPATH_SEARCH_PATHS = "$(inherited) @executable_path/Frameworks";
				PRODUCT_BUNDLE_IDENTIFIER = com.tring.urloop;
				PRODUCT_NAME = "$(TARGET_NAME)";
				PROVISIONING_PROFILE = "a128cdac-468e-4586-9b15-8a46c6f9b3cd";
				PROVISIONING_PROFILE_SPECIFIER = URLoopAdhocProfile;
				SWIFT_VERSION = 4.0;
				TARGETED_DEVICE_FAMILY = "1,2";
			};
			name = Release;
		};
/* End XCBuildConfiguration section */

/* Begin XCConfigurationList section */
		F926961F1FE7997E00EA034F /* Build configuration list for PBXProject "TestFunctions" */ = {
			isa = XCConfigurationList;
			buildConfigurations = (
				F926964D1FE7997F00EA034F /* Debug */,
				F926964E1FE7997F00EA034F /* Release */,
			);
			defaultConfigurationIsVisible = 0;
			defaultConfigurationName = Release;
		};
		F926964F1FE7997F00EA034F /* Build configuration list for PBXNativeTarget "TestFunctions" */ = {
			isa = XCConfigurationList;
			buildConfigurations = (
				F92696501FE7997F00EA034F /* Debug */,
				F92696511FE7997F00EA034F /* Release */,
			);
			defaultConfigurationIsVisible = 0;
			defaultConfigurationName = Release;
		};
/* End XCConfigurationList section */

/* Begin XCVersionGroup section */
		F926962E1FE7997F00EA034F /* TestFunctions.xcdatamodeld */ = {
			isa = XCVersionGroup;
			children = (
				F926962F1FE7997F00EA034F /* TestFunctions.xcdatamodel */,
			);
			currentVersion = F926962F1FE7997F00EA034F /* TestFunctions.xcdatamodel */;
			path = TestFunctions.xcdatamodeld;
			sourceTree = "<group>";
			versionGroupType = wrapper.xcdatamodel;
		};
/* End XCVersionGroup section */
	};
	rootObject = F926961C1FE7997E00EA034F /* Project object */;
}
